
Microsoft Visual Studio Solution File, Format Version 12.00
# Visual Studio Version 17
VisualStudioVersion = 17.11.35222.181
MinimumVisualStudioVersion = 10.0.40219.1
Project("{FAE04EC0-301F-11D3-BF4B-00C04F79EFBC}") = "ProductsSalesReport", "ProductsSalesReport\ProductsSalesReport.csproj", "{DA809BC7-14C2-40DC-88A6-C1BEC15DD1AE}"
EndProject
Global
	GlobalSection(SolutionConfigurationPlatforms) = preSolution
		Debug|Any CPU = Debug|Any CPU
		Release|Any CPU = Release|Any CPU
	EndGlobalSection
	GlobalSection(ProjectConfigurationPlatforms) = postSolution
		{DA809BC7-14C2-40DC-88A6-C1BEC15DD1AE}.Debug|Any CPU.ActiveCfg = Debug|Any CPU
		{DA809BC7-14C2-40DC-88A6-C1BEC15DD1AE}.Debug|Any CPU.Build.0 = Debug|Any CPU
		{DA809BC7-14C2-40DC-88A6-C1BEC15DD1AE}.Release|Any CPU.ActiveCfg = Release|Any CPU
		{DA809BC7-14C2-40DC-88A6-C1BEC15DD1AE}.Release|Any CPU.Build.0 = Release|Any CPU
	EndGlobalSection
	GlobalSection(SolutionProperties) = preSolution
		HideSolutionNode = FALSE
	EndGlobalSection
	GlobalSection(ExtensibilityGlobals) = postSolution
		SolutionGuid = {F28F6EB8-23D3-4B07-BF2E-72E686D1B3F2}
	EndGlobalSection
EndGlobal
